
Microsoft Visual Studio Solution File, Format Version 12.00
# Visual Studio Version 16
VisualStudioVersion = 16.0.30104.148
MinimumVisualStudioVersion = 10.0.40219.1
Project("{9A19103F-16F7-4668-BE54-9A1E7A4F7556}") = "Technovert.Bankapp.WebApp", "Technovert.Bankapp.WebApp\Technovert.Bankapp.WebApp.csproj", "{ACF9C5B8-43E4-42CF-A681-283ACEC3DF81}"
EndProject
Project("{9A19103F-16F7-4668-BE54-9A1E7A4F7556}") = "Technovert.BankApp.DataAccess", "Technovert.BankApp.DataAccess\Technovert.BankApp.DataAccess.csproj", "{3C01E2E0-B14B-4E3A-B3B6-7675C4362A4F}"
EndProject
Project("{9A19103F-16F7-4668-BE54-9A1E7A4F7556}") = "Technovert.BankApp.BAL", "Technovert.BankApp.BAL\Technovert.BankApp.BAL.csproj", "{C4C8C762-F515-4497-AE23-7F28D496BFD2}"
EndProject
Project("{FAE04EC0-301F-11D3-BF4B-00C04F79EFBC}") = "Technovert.BankApp.CLI", "Technovert.BankApp.CLI\Technovert.BankApp.CLI.csproj", "{EEC8280E-78A9-4F52-B1D6-C864791CFFE9}"
EndProject
Project("{FAE04EC0-301F-11D3-BF4B-00C04F79EFBC}") = "Technovert.BankApp.CLI_Migrations", "Technovert.BankApp.CLI_Migrations\Technovert.BankApp.CLI_Migrations.csproj", "{421576F5-73EF-4A24-91CE-22B6490D311C}"
EndProject
Project("{FAE04EC0-301F-11D3-BF4B-00C04F79EFBC}") = "Technovert.BankApp.WebAPI", "Technovert.BankApp.WebAPI\Technovert.BankApp.WebAPI.csproj", "{B5E935E6-AEDE-4190-AF1D-EBC06FA50E21}"
EndProject
Global
	GlobalSection(SolutionConfigurationPlatforms) = preSolution
		Debug|Any CPU = Debug|Any CPU
		Release|Any CPU = Release|Any CPU
	EndGlobalSection
	GlobalSection(ProjectConfigurationPlatforms) = postSolution
		{ACF9C5B8-43E4-42CF-A681-283ACEC3DF81}.Debug|Any CPU.ActiveCfg = Debug|Any CPU
		{ACF9C5B8-43E4-42CF-A681-283ACEC3DF81}.Debug|Any CPU.Build.0 = Debug|Any CPU
		{ACF9C5B8-43E4-42CF-A681-283ACEC3DF81}.Release|Any CPU.ActiveCfg = Release|Any CPU
		{ACF9C5B8-43E4-42CF-A681-283ACEC3DF81}.Release|Any CPU.Build.0 = Release|Any CPU
		{3C01E2E0-B14B-4E3A-B3B6-7675C4362A4F}.Debug|Any CPU.ActiveCfg = Debug|Any CPU
		{3C01E2E0-B14B-4E3A-B3B6-7675C4362A4F}.Debug|Any CPU.Build.0 = Debug|Any CPU
		{3C01E2E0-B14B-4E3A-B3B6-7675C4362A4F}.Release|Any CPU.ActiveCfg = Release|Any CPU
		{3C01E2E0-B14B-4E3A-B3B6-7675C4362A4F}.Release|Any CPU.Build.0 = Release|Any CPU
		{C4C8C762-F515-4497-AE23-7F28D496BFD2}.Debug|Any CPU.ActiveCfg = Debug|Any CPU
		{C4C8C762-F515-4497-AE23-7F28D496BFD2}.Debug|Any CPU.Build.0 = Debug|Any CPU
		{C4C8C762-F515-4497-AE23-7F28D496BFD2}.Release|Any CPU.ActiveCfg = Release|Any CPU
		{C4C8C762-F515-4497-AE23-7F28D496BFD2}.Release|Any CPU.Build.0 = Release|Any CPU
		{EEC8280E-78A9-4F52-B1D6-C864791CFFE9}.Debug|Any CPU.ActiveCfg = Debug|Any CPU
		{EEC8280E-78A9-4F52-B1D6-C864791CFFE9}.Debug|Any CPU.Build.0 = Debug|Any CPU
		{EEC8280E-78A9-4F52-B1D6-C864791CFFE9}.Release|Any CPU.ActiveCfg = Release|Any CPU
		{EEC8280E-78A9-4F52-B1D6-C864791CFFE9}.Release|Any CPU.Build.0 = Release|Any CPU
		{421576F5-73EF-4A24-91CE-22B6490D311C}.Debug|Any CPU.ActiveCfg = Debug|Any CPU
		{421576F5-73EF-4A24-91CE-22B6490D311C}.Debug|Any CPU.Build.0 = Debug|Any CPU
		{421576F5-73EF-4A24-91CE-22B6490D311C}.Release|Any CPU.ActiveCfg = Release|Any CPU
		{421576F5-73EF-4A24-91CE-22B6490D311C}.Release|Any CPU.Build.0 = Release|Any CPU
		{B5E935E6-AEDE-4190-AF1D-EBC06FA50E21}.Debug|Any CPU.ActiveCfg = Debug|Any CPU
		{B5E935E6-AEDE-4190-AF1D-EBC06FA50E21}.Debug|Any CPU.Build.0 = Debug|Any CPU
		{B5E935E6-AEDE-4190-AF1D-EBC06FA50E21}.Release|Any CPU.ActiveCfg = Release|Any CPU
		{B5E935E6-AEDE-4190-AF1D-EBC06FA50E21}.Release|Any CPU.Build.0 = Release|Any CPU
	EndGlobalSection
	GlobalSection(SolutionProperties) = preSolution
		HideSolutionNode = FALSE
	EndGlobalSection
	GlobalSection(ExtensibilityGlobals) = postSolution
		SolutionGuid = {C2D80D7C-D223-4CAB-8366-4B7D4C6B9072}
	EndGlobalSection
EndGlobal
